
Microsoft Visual Studio Solution File, Format Version 12.00
# Visual Studio 15
VisualStudioVersion = 15.0.27428.2037
MinimumVisualStudioVersion = 10.0.40219.1
Project("{FAE04EC0-301F-11D3-BF4B-00C04F79EFBC}") = "WebUI", "WebUI\WebUI.csproj", "{F62E7C6F-3916-4244-B630-0E44B4FD177F}"
EndProject
Project("{FAE04EC0-301F-11D3-BF4B-00C04F79EFBC}") = "Tests", "Tests\Tests.csproj", "{9E2EE3EF-A597-4DF9-9963-B4C9E97983F6}"
EndProject
Project("{FAE04EC0-301F-11D3-BF4B-00C04F79EFBC}") = "consoleLims", "consoleLims\consoleLims.csproj", "{9F1D4318-4E02-4120-B094-20245E4C6D89}"
EndProject
Project("{2150E333-8FDC-42A3-9474-1A3956D46DE8}") = "AppCore", "AppCore", "{CDB73A22-6F72-4A78-90DA-99F90AAC5B30}"
EndProject
Project("{FAE04EC0-301F-11D3-BF4B-00C04F79EFBC}") = "Domain.Model", "Domain.Model\Domain.Model.csproj", "{6981B0D1-9EFE-4A02-801C-2DD3AFA61337}"
EndProject
Project("{FAE04EC0-301F-11D3-BF4B-00C04F79EFBC}") = "Domain.Services", "Domain.Service\Domain.Services.csproj", "{CC2B324C-0BA5-45A6-9E50-D6E002DDB862}"
EndProject
Project("{FAE04EC0-301F-11D3-BF4B-00C04F79EFBC}") = "Application.Services", "Application.Services\Application.Services.csproj", "{6A93AD40-15C4-4E1A-BF66-51F496229369}"
EndProject
Global
	GlobalSection(SolutionConfigurationPlatforms) = preSolution
		Debug|Any CPU = Debug|Any CPU
		Release|Any CPU = Release|Any CPU
	EndGlobalSection
	GlobalSection(ProjectConfigurationPlatforms) = postSolution
		{F62E7C6F-3916-4244-B630-0E44B4FD177F}.Debug|Any CPU.ActiveCfg = Debug|Any CPU
		{F62E7C6F-3916-4244-B630-0E44B4FD177F}.Debug|Any CPU.Build.0 = Debug|Any CPU
		{F62E7C6F-3916-4244-B630-0E44B4FD177F}.Release|Any CPU.ActiveCfg = Release|Any CPU
		{F62E7C6F-3916-4244-B630-0E44B4FD177F}.Release|Any CPU.Build.0 = Release|Any CPU
		{9E2EE3EF-A597-4DF9-9963-B4C9E97983F6}.Debug|Any CPU.ActiveCfg = Debug|Any CPU
		{9E2EE3EF-A597-4DF9-9963-B4C9E97983F6}.Debug|Any CPU.Build.0 = Debug|Any CPU
		{9E2EE3EF-A597-4DF9-9963-B4C9E97983F6}.Release|Any CPU.ActiveCfg = Release|Any CPU
		{9E2EE3EF-A597-4DF9-9963-B4C9E97983F6}.Release|Any CPU.Build.0 = Release|Any CPU
		{9F1D4318-4E02-4120-B094-20245E4C6D89}.Debug|Any CPU.ActiveCfg = Debug|Any CPU
		{9F1D4318-4E02-4120-B094-20245E4C6D89}.Debug|Any CPU.Build.0 = Debug|Any CPU
		{9F1D4318-4E02-4120-B094-20245E4C6D89}.Release|Any CPU.ActiveCfg = Release|Any CPU
		{9F1D4318-4E02-4120-B094-20245E4C6D89}.Release|Any CPU.Build.0 = Release|Any CPU
		{6981B0D1-9EFE-4A02-801C-2DD3AFA61337}.Debug|Any CPU.ActiveCfg = Debug|Any CPU
		{6981B0D1-9EFE-4A02-801C-2DD3AFA61337}.Debug|Any CPU.Build.0 = Debug|Any CPU
		{6981B0D1-9EFE-4A02-801C-2DD3AFA61337}.Release|Any CPU.ActiveCfg = Release|Any CPU
		{6981B0D1-9EFE-4A02-801C-2DD3AFA61337}.Release|Any CPU.Build.0 = Release|Any CPU
		{CC2B324C-0BA5-45A6-9E50-D6E002DDB862}.Debug|Any CPU.ActiveCfg = Debug|Any CPU
		{CC2B324C-0BA5-45A6-9E50-D6E002DDB862}.Debug|Any CPU.Build.0 = Debug|Any CPU
		{CC2B324C-0BA5-45A6-9E50-D6E002DDB862}.Release|Any CPU.ActiveCfg = Release|Any CPU
		{CC2B324C-0BA5-45A6-9E50-D6E002DDB862}.Release|Any CPU.Build.0 = Release|Any CPU
		{6A93AD40-15C4-4E1A-BF66-51F496229369}.Debug|Any CPU.ActiveCfg = Debug|Any CPU
		{6A93AD40-15C4-4E1A-BF66-51F496229369}.Debug|Any CPU.Build.0 = Debug|Any CPU
		{6A93AD40-15C4-4E1A-BF66-51F496229369}.Release|Any CPU.ActiveCfg = Release|Any CPU
		{6A93AD40-15C4-4E1A-BF66-51F496229369}.Release|Any CPU.Build.0 = Release|Any CPU
	EndGlobalSection
	GlobalSection(SolutionProperties) = preSolution
		HideSolutionNode = FALSE
	EndGlobalSection
	GlobalSection(NestedProjects) = preSolution
		{6981B0D1-9EFE-4A02-801C-2DD3AFA61337} = {CDB73A22-6F72-4A78-90DA-99F90AAC5B30}
		{CC2B324C-0BA5-45A6-9E50-D6E002DDB862} = {CDB73A22-6F72-4A78-90DA-99F90AAC5B30}
		{6A93AD40-15C4-4E1A-BF66-51F496229369} = {CDB73A22-6F72-4A78-90DA-99F90AAC5B30}
	EndGlobalSection
	GlobalSection(ExtensibilityGlobals) = postSolution
		SolutionGuid = {CF34D8EC-2109-4AA6-9187-2E2C9E6B8BF9}
	EndGlobalSection
EndGlobal
